// !$*UTF8*$!
{
	archiveVersion = 1;
	classes = {
	};
	objectVersion = 46;
	objects = {

/* Begin PBXBuildFile section */
		2B45D6751D58DDA100C873ED /* BulletPoint.png in Resources */ = {isa = PBXBuildFile; fileRef = 2B45D6741D58DDA100C873ED /* BulletPoint.png */; };
		2B45D6771D58DE2400C873ED /* Meals_Rice.jpg in Resources */ = {isa = PBXBuildFile; fileRef = 2B45D6761D58DE2400C873ED /* Meals_Rice.jpg */; };
		2B45D67B1D58E0DA00C873ED /* Sample.jpg in Resources */ = {isa = PBXBuildFile; fileRef = 2B45D67A1D58E0DA00C873ED /* Sample.jpg */; };
		2B45D6851D59019400C873ED /* Location_Icon.png in Resources */ = {isa = PBXBuildFile; fileRef = 2B45D6841D59019400C873ED /* Location_Icon.png */; };
		2B45D6871D59020400C873ED /* Notification.png in Resources */ = {isa = PBXBuildFile; fileRef = 2B45D6861D59020400C873ED /* Notification.png */; };
		2B45D6901D590E5F00C873ED /* HMLocationViewController.m in Sources */ = {isa = PBXBuildFile; fileRef = 2B45D68F1D590E5F00C873ED /* HMLocationViewController.m */; };
		2B45D6921D59106C00C873ED /* My_Location.png in Resources */ = {isa = PBXBuildFile; fileRef = 2B45D6911D59106C00C873ED /* My_Location.png */; };
		2B45D6961D59128300C873ED /* LocationsTableViewCell.m in Sources */ = {isa = PBXBuildFile; fileRef = 2B45D6951D59128300C873ED /* LocationsTableViewCell.m */; };
		2B45D6981D5913D300C873ED /* Edit.png in Resources */ = {isa = PBXBuildFile; fileRef = 2B45D6971D5913D300C873ED /* Edit.png */; };
		2B7AC6F81D47AC3F00D59BB3 /* Dish_Images in Resources */ = {isa = PBXBuildFile; fileRef = 2B7AC6F71D47AC3F00D59BB3 /* Dish_Images */; };
		2B7AC6FD1D47BB6F00D59BB3 /* HMDetailPageViewController.m in Sources */ = {isa = PBXBuildFile; fileRef = 2B7AC6FC1D47BB6F00D59BB3 /* HMDetailPageViewController.m */; };
		2B7AC7001D47C18400D59BB3 /* HMCartItemsViewController.m in Sources */ = {isa = PBXBuildFile; fileRef = 2B7AC6FF1D47C18400D59BB3 /* HMCartItemsViewController.m */; };
		2B89E5021D5BB2BA0022EC67 /* ProfileImage.jpg in Resources */ = {isa = PBXBuildFile; fileRef = 2B89E5011D5BB2BA0022EC67 /* ProfileImage.jpg */; };
		2B89E5041D5BBF640022EC67 /* CoreLocation.framework in Frameworks */ = {isa = PBXBuildFile; fileRef = 2B89E5031D5BBF640022EC67 /* CoreLocation.framework */; };
		2B9A43491D471F3A00F87C1B /* HMSignUpViewController.m in Sources */ = {isa = PBXBuildFile; fileRef = 2B9A43481D471F3A00F87C1B /* HMSignUpViewController.m */; };
		2B9FECCD1D411C4500A21666 /* HMLoginViewController.m in Sources */ = {isa = PBXBuildFile; fileRef = 2B9FECCC1D411C4500A21666 /* HMLoginViewController.m */; };
		2BD7B2411D55CF9800B2FABD /* HMHomePageViewController.m in Sources */ = {isa = PBXBuildFile; fileRef = 2BD7B2401D55CF9800B2FABD /* HMHomePageViewController.m */; };
		2ECD4BE63075852C928DC6BE /* libPods-Hunger Meals.a in Frameworks */ = {isa = PBXBuildFile; fileRef = FD080AF85B2BF6D52AF96CEB /* libPods-Hunger Meals.a */; };
		9A0C43C71D2F868300A7BF6B /* main.m in Sources */ = {isa = PBXBuildFile; fileRef = 9A0C43C61D2F868300A7BF6B /* main.m */; };
		9A0C43CA1D2F868300A7BF6B /* AppDelegate.m in Sources */ = {isa = PBXBuildFile; fileRef = 9A0C43C91D2F868300A7BF6B /* AppDelegate.m */; };
		9A0C43D01D2F868300A7BF6B /* Main.storyboard in Resources */ = {isa = PBXBuildFile; fileRef = 9A0C43CE1D2F868300A7BF6B /* Main.storyboard */; };
		9A0C43D51D2F868400A7BF6B /* Assets.xcassets in Resources */ = {isa = PBXBuildFile; fileRef = 9A0C43D41D2F868400A7BF6B /* Assets.xcassets */; };
		9A0C43D81D2F868400A7BF6B /* LaunchScreen.storyboard in Resources */ = {isa = PBXBuildFile; fileRef = 9A0C43D61D2F868400A7BF6B /* LaunchScreen.storyboard */; };
		9A0C43E31D2F868500A7BF6B /* Hunger_MealsTests.m in Sources */ = {isa = PBXBuildFile; fileRef = 9A0C43E21D2F868500A7BF6B /* Hunger_MealsTests.m */; };
		9A0C43EE1D2F868500A7BF6B /* Hunger_MealsUITests.m in Sources */ = {isa = PBXBuildFile; fileRef = 9A0C43ED1D2F868500A7BF6B /* Hunger_MealsUITests.m */; };
		9A818F9A1D49EBCD00FB5565 /* HMCartCollectionReusableView.m in Sources */ = {isa = PBXBuildFile; fileRef = 9A818F991D49EBCD00FB5565 /* HMCartCollectionReusableView.m */; };
		9A818F9F1D49F8B200FB5565 /* HMPaymentTypeSelectionViewController.m in Sources */ = {isa = PBXBuildFile; fileRef = 9A818F9E1D49F8B200FB5565 /* HMPaymentTypeSelectionViewController.m */; };
		9A818FA41D4A203200FB5565 /* PaymentPageViewController.m in Sources */ = {isa = PBXBuildFile; fileRef = 9A818FA11D4A203200FB5565 /* PaymentPageViewController.m */; };
		9A818FA51D4A203200FB5565 /* PaymentStatusViewController.m in Sources */ = {isa = PBXBuildFile; fileRef = 9A818FA31D4A203200FB5565 /* PaymentStatusViewController.m */; };
		9A9BC9241D587B19002E3246 /* Meals.png in Resources */ = {isa = PBXBuildFile; fileRef = 9A9BC9231D587B19002E3246 /* Meals.png */; };
		9AD7F62F1D4767AD0062C6F4 /* GoogleService-Info.plist in Resources */ = {isa = PBXBuildFile; fileRef = 9AD7F62E1D4767AD0062C6F4 /* GoogleService-Info.plist */; };
		9E72DCA193082CFE199E7B1D /* libPods-Hunger MealsTests.a in Frameworks */ = {isa = PBXBuildFile; fileRef = 0F05F9F159C8351E75A1ACC2 /* libPods-Hunger MealsTests.a */; };
		A831CA7A1D37A9EF00B96F4F /* LandingPageViewController.m in Sources */ = {isa = PBXBuildFile; fileRef = A831CA791D37A9EF00B96F4F /* LandingPageViewController.m */; };
		A831CA861D37CEC100B96F4F /* close.png in Resources */ = {isa = PBXBuildFile; fileRef = A831CA821D37CEC100B96F4F /* close.png */; };
		A831CA871D37CEC100B96F4F /* close@2x.png in Resources */ = {isa = PBXBuildFile; fileRef = A831CA831D37CEC100B96F4F /* close@2x.png */; };
		A831CA881D37CEC100B96F4F /* MTGenericAlertView.m in Sources */ = {isa = PBXBuildFile; fileRef = A831CA851D37CEC100B96F4F /* MTGenericAlertView.m */; };
		A88444651D38D0B700887098 /* Utility.m in Sources */ = {isa = PBXBuildFile; fileRef = A88444641D38D0B700887098 /* Utility.m */; };
		A88444681D38D17B00887098 /* CheckConnection.m in Sources */ = {isa = PBXBuildFile; fileRef = A88444671D38D17B00887098 /* CheckConnection.m */; };
		A884446C1D38D5D600887098 /* BTAlertController.m in Sources */ = {isa = PBXBuildFile; fileRef = A884446B1D38D5D600887098 /* BTAlertController.m */; };
		A88444701D38E68500887098 /* UIAlertView+CustomAlertView.m in Sources */ = {isa = PBXBuildFile; fileRef = A884446F1D38E68500887098 /* UIAlertView+CustomAlertView.m */; };
		A88444731D38E69900887098 /* UIActionSheet+Blocks.m in Sources */ = {isa = PBXBuildFile; fileRef = A88444721D38E69900887098 /* UIActionSheet+Blocks.m */; };
		A88FB7431D5C5072005E8667 /* SlideMenuViewController.m in Sources */ = {isa = PBXBuildFile; fileRef = A831CA7D1D37ACC200B96F4F /* SlideMenuViewController.m */; };
		E59C0A13D3221362D1E26CF4 /* libPods-Hunger MealsUITests.a in Frameworks */ = {isa = PBXBuildFile; fileRef = 19EC3CC5C4ABE0020D1E1725 /* libPods-Hunger MealsUITests.a */; };
/* End PBXBuildFile section */

/* Begin PBXContainerItemProxy section */
		9A0C43DF1D2F868500A7BF6B /* PBXContainerItemProxy */ = {
			isa = PBXContainerItemProxy;
			containerPortal = 9A0C43BA1D2F868200A7BF6B /* Project object */;
			proxyType = 1;
			remoteGlobalIDString = 9A0C43C11D2F868200A7BF6B;
			remoteInfo = "Hunger Meals";
		};
		9A0C43EA1D2F868500A7BF6B /* PBXContainerItemProxy */ = {
			isa = PBXContainerItemProxy;
			containerPortal = 9A0C43BA1D2F868200A7BF6B /* Project object */;
			proxyType = 1;
			remoteGlobalIDString = 9A0C43C11D2F868200A7BF6B;
			remoteInfo = "Hunger Meals";
		};
/* End PBXContainerItemProxy section */

/* Begin PBXFileReference section */
		037160947699A40F92097D7E /* Pods-Hunger MealsUITests.debug.xcconfig */ = {isa = PBXFileReference; includeInIndex = 1; lastKnownFileType = text.xcconfig; name = "Pods-Hunger MealsUITests.debug.xcconfig"; path = "Pods/Target Support Files/Pods-Hunger MealsUITests/Pods-Hunger MealsUITests.debug.xcconfig"; sourceTree = "<group>"; };
		0F05F9F159C8351E75A1ACC2 /* libPods-Hunger MealsTests.a */ = {isa = PBXFileReference; explicitFileType = archive.ar; includeInIndex = 0; path = "libPods-Hunger MealsTests.a"; sourceTree = BUILT_PRODUCTS_DIR; };
		19EC3CC5C4ABE0020D1E1725 /* libPods-Hunger MealsUITests.a */ = {isa = PBXFileReference; explicitFileType = archive.ar; includeInIndex = 0; path = "libPods-Hunger MealsUITests.a"; sourceTree = BUILT_PRODUCTS_DIR; };
		2B45D6741D58DDA100C873ED /* BulletPoint.png */ = {isa = PBXFileReference; lastKnownFileType = image.png; name = BulletPoint.png; path = ../BulletPoint.png; sourceTree = "<group>"; };
		2B45D6761D58DE2400C873ED /* Meals_Rice.jpg */ = {isa = PBXFileReference; lastKnownFileType = image.jpeg; name = Meals_Rice.jpg; path = ../Meals_Rice.jpg; sourceTree = "<group>"; };
		2B45D67A1D58E0DA00C873ED /* Sample.jpg */ = {isa = PBXFileReference; lastKnownFileType = image.jpeg; name = Sample.jpg; path = ../Sample.jpg; sourceTree = "<group>"; };
		2B45D6841D59019400C873ED /* Location_Icon.png */ = {isa = PBXFileReference; lastKnownFileType = image.png; name = Location_Icon.png; path = ../Location_Icon.png; sourceTree = "<group>"; };
		2B45D6861D59020400C873ED /* Notification.png */ = {isa = PBXFileReference; lastKnownFileType = image.png; name = Notification.png; path = ../Notification.png; sourceTree = "<group>"; };
		2B45D68E1D590E5F00C873ED /* HMLocationViewController.h */ = {isa = PBXFileReference; fileEncoding = 4; lastKnownFileType = sourcecode.c.h; path = HMLocationViewController.h; sourceTree = "<group>"; };
		2B45D68F1D590E5F00C873ED /* HMLocationViewController.m */ = {isa = PBXFileReference; fileEncoding = 4; lastKnownFileType = sourcecode.c.objc; path = HMLocationViewController.m; sourceTree = "<group>"; };
		2B45D6911D59106C00C873ED /* My_Location.png */ = {isa = PBXFileReference; lastKnownFileType = image.png; name = My_Location.png; path = ../My_Location.png; sourceTree = "<group>"; };
		2B45D6941D59128300C873ED /* LocationsTableViewCell.h */ = {isa = PBXFileReference; fileEncoding = 4; lastKnownFileType = sourcecode.c.h; path = LocationsTableViewCell.h; sourceTree = "<group>"; };
		2B45D6951D59128300C873ED /* LocationsTableViewCell.m */ = {isa = PBXFileReference; fileEncoding = 4; lastKnownFileType = sourcecode.c.objc; path = LocationsTableViewCell.m; sourceTree = "<group>"; };
		2B45D6971D5913D300C873ED /* Edit.png */ = {isa = PBXFileReference; lastKnownFileType = image.png; name = Edit.png; path = ../Edit.png; sourceTree = "<group>"; };
		2B7AC6F71D47AC3F00D59BB3 /* Dish_Images */ = {isa = PBXFileReference; lastKnownFileType = folder; name = Dish_Images; path = "Hunger Meals/Dish_Images"; sourceTree = "<group>"; };
		2B7AC6FB1D47BB6F00D59BB3 /* HMDetailPageViewController.h */ = {isa = PBXFileReference; fileEncoding = 4; lastKnownFileType = sourcecode.c.h; path = HMDetailPageViewController.h; sourceTree = "<group>"; };
		2B7AC6FC1D47BB6F00D59BB3 /* HMDetailPageViewController.m */ = {isa = PBXFileReference; fileEncoding = 4; lastKnownFileType = sourcecode.c.objc; path = HMDetailPageViewController.m; sourceTree = "<group>"; };
		2B7AC6FE1D47C18400D59BB3 /* HMCartItemsViewController.h */ = {isa = PBXFileReference; fileEncoding = 4; lastKnownFileType = sourcecode.c.h; path = HMCartItemsViewController.h; sourceTree = "<group>"; };
		2B7AC6FF1D47C18400D59BB3 /* HMCartItemsViewController.m */ = {isa = PBXFileReference; fileEncoding = 4; lastKnownFileType = sourcecode.c.objc; path = HMCartItemsViewController.m; sourceTree = "<group>"; };
		2B89E5011D5BB2BA0022EC67 /* ProfileImage.jpg */ = {isa = PBXFileReference; lastKnownFileType = image.jpeg; path = ProfileImage.jpg; sourceTree = "<group>"; };
		2B89E5031D5BBF640022EC67 /* CoreLocation.framework */ = {isa = PBXFileReference; lastKnownFileType = wrapper.framework; name = CoreLocation.framework; path = System/Library/Frameworks/CoreLocation.framework; sourceTree = SDKROOT; };
		2B9A43471D471F3A00F87C1B /* HMSignUpViewController.h */ = {isa = PBXFileReference; fileEncoding = 4; lastKnownFileType = sourcecode.c.h; path = HMSignUpViewController.h; sourceTree = "<group>"; };
		2B9A43481D471F3A00F87C1B /* HMSignUpViewController.m */ = {isa = PBXFileReference; fileEncoding = 4; lastKnownFileType = sourcecode.c.objc; path = HMSignUpViewController.m; sourceTree = "<group>"; };
		2B9FECCB1D411C4500A21666 /* HMLoginViewController.h */ = {isa = PBXFileReference; fileEncoding = 4; lastKnownFileType = sourcecode.c.h; path = HMLoginViewController.h; sourceTree = "<group>"; };
		2B9FECCC1D411C4500A21666 /* HMLoginViewController.m */ = {isa = PBXFileReference; fileEncoding = 4; lastKnownFileType = sourcecode.c.objc; path = HMLoginViewController.m; sourceTree = "<group>"; };
		2BD7B23F1D55CF9800B2FABD /* HMHomePageViewController.h */ = {isa = PBXFileReference; fileEncoding = 4; lastKnownFileType = sourcecode.c.h; path = HMHomePageViewController.h; sourceTree = "<group>"; };
		2BD7B2401D55CF9800B2FABD /* HMHomePageViewController.m */ = {isa = PBXFileReference; fileEncoding = 4; lastKnownFileType = sourcecode.c.objc; path = HMHomePageViewController.m; sourceTree = "<group>"; };
		39CEF7BAC10F1A2807ABF4E5 /* Pods-Hunger MealsUITests.release.xcconfig */ = {isa = PBXFileReference; includeInIndex = 1; lastKnownFileType = text.xcconfig; name = "Pods-Hunger MealsUITests.release.xcconfig"; path = "Pods/Target Support Files/Pods-Hunger MealsUITests/Pods-Hunger MealsUITests.release.xcconfig"; sourceTree = "<group>"; };
		6125B3D8C237F187FC01D986 /* Pods-Hunger Meals.release.xcconfig */ = {isa = PBXFileReference; includeInIndex = 1; lastKnownFileType = text.xcconfig; name = "Pods-Hunger Meals.release.xcconfig"; path = "Pods/Target Support Files/Pods-Hunger Meals/Pods-Hunger Meals.release.xcconfig"; sourceTree = "<group>"; };
		8C5A0BD3D7E3C64A555DAFB0 /* Pods-Hunger MealsTests.debug.xcconfig */ = {isa = PBXFileReference; includeInIndex = 1; lastKnownFileType = text.xcconfig; name = "Pods-Hunger MealsTests.debug.xcconfig"; path = "Pods/Target Support Files/Pods-Hunger MealsTests/Pods-Hunger MealsTests.debug.xcconfig"; sourceTree = "<group>"; };
		9A0C43C21D2F868200A7BF6B /* Hunger Meals.app */ = {isa = PBXFileReference; explicitFileType = wrapper.application; includeInIndex = 0; path = "Hunger Meals.app"; sourceTree = BUILT_PRODUCTS_DIR; };
		9A0C43C61D2F868300A7BF6B /* main.m */ = {isa = PBXFileReference; lastKnownFileType = sourcecode.c.objc; path = main.m; sourceTree = "<group>"; };
		9A0C43C81D2F868300A7BF6B /* AppDelegate.h */ = {isa = PBXFileReference; lastKnownFileType = sourcecode.c.h; path = AppDelegate.h; sourceTree = "<group>"; };
		9A0C43C91D2F868300A7BF6B /* AppDelegate.m */ = {isa = PBXFileReference; lastKnownFileType = sourcecode.c.objc; path = AppDelegate.m; sourceTree = "<group>"; };
		9A0C43CF1D2F868300A7BF6B /* Base */ = {isa = PBXFileReference; lastKnownFileType = file.storyboard; name = Base; path = Base.lproj/Main.storyboard; sourceTree = "<group>"; };
		9A0C43D41D2F868400A7BF6B /* Assets.xcassets */ = {isa = PBXFileReference; lastKnownFileType = folder.assetcatalog; path = Assets.xcassets; sourceTree = "<group>"; };
		9A0C43D71D2F868400A7BF6B /* Base */ = {isa = PBXFileReference; lastKnownFileType = file.storyboard; name = Base; path = Base.lproj/LaunchScreen.storyboard; sourceTree = "<group>"; };
		9A0C43D91D2F868400A7BF6B /* Info.plist */ = {isa = PBXFileReference; lastKnownFileType = text.plist.xml; path = Info.plist; sourceTree = "<group>"; };
		9A0C43DE1D2F868500A7BF6B /* Hunger MealsTests.xctest */ = {isa = PBXFileReference; explicitFileType = wrapper.cfbundle; includeInIndex = 0; path = "Hunger MealsTests.xctest"; sourceTree = BUILT_PRODUCTS_DIR; };
		9A0C43E21D2F868500A7BF6B /* Hunger_MealsTests.m */ = {isa = PBXFileReference; lastKnownFileType = sourcecode.c.objc; path = Hunger_MealsTests.m; sourceTree = "<group>"; };
		9A0C43E41D2F868500A7BF6B /* Info.plist */ = {isa = PBXFileReference; lastKnownFileType = text.plist.xml; path = Info.plist; sourceTree = "<group>"; };
		9A0C43E91D2F868500A7BF6B /* Hunger MealsUITests.xctest */ = {isa = PBXFileReference; explicitFileType = wrapper.cfbundle; includeInIndex = 0; path = "Hunger MealsUITests.xctest"; sourceTree = BUILT_PRODUCTS_DIR; };
		9A0C43ED1D2F868500A7BF6B /* Hunger_MealsUITests.m */ = {isa = PBXFileReference; lastKnownFileType = sourcecode.c.objc; path = Hunger_MealsUITests.m; sourceTree = "<group>"; };
		9A0C43EF1D2F868500A7BF6B /* Info.plist */ = {isa = PBXFileReference; lastKnownFileType = text.plist.xml; path = Info.plist; sourceTree = "<group>"; };
		9A818F981D49EBCD00FB5565 /* HMCartCollectionReusableView.h */ = {isa = PBXFileReference; fileEncoding = 4; lastKnownFileType = sourcecode.c.h; path = HMCartCollectionReusableView.h; sourceTree = "<group>"; };
		9A818F991D49EBCD00FB5565 /* HMCartCollectionReusableView.m */ = {isa = PBXFileReference; fileEncoding = 4; lastKnownFileType = sourcecode.c.objc; path = HMCartCollectionReusableView.m; sourceTree = "<group>"; };
		9A818F9D1D49F8B200FB5565 /* HMPaymentTypeSelectionViewController.h */ = {isa = PBXFileReference; fileEncoding = 4; lastKnownFileType = sourcecode.c.h; path = HMPaymentTypeSelectionViewController.h; sourceTree = "<group>"; };
		9A818F9E1D49F8B200FB5565 /* HMPaymentTypeSelectionViewController.m */ = {isa = PBXFileReference; fileEncoding = 4; lastKnownFileType = sourcecode.c.objc; path = HMPaymentTypeSelectionViewController.m; sourceTree = "<group>"; };
		9A818FA01D4A203200FB5565 /* PaymentPageViewController.h */ = {isa = PBXFileReference; fileEncoding = 4; lastKnownFileType = sourcecode.c.h; path = PaymentPageViewController.h; sourceTree = "<group>"; };
		9A818FA11D4A203200FB5565 /* PaymentPageViewController.m */ = {isa = PBXFileReference; fileEncoding = 4; lastKnownFileType = sourcecode.c.objc; path = PaymentPageViewController.m; sourceTree = "<group>"; };
		9A818FA21D4A203200FB5565 /* PaymentStatusViewController.h */ = {isa = PBXFileReference; fileEncoding = 4; lastKnownFileType = sourcecode.c.h; path = PaymentStatusViewController.h; sourceTree = "<group>"; };
		9A818FA31D4A203200FB5565 /* PaymentStatusViewController.m */ = {isa = PBXFileReference; fileEncoding = 4; lastKnownFileType = sourcecode.c.objc; path = PaymentStatusViewController.m; sourceTree = "<group>"; };
		9A9BC9231D587B19002E3246 /* Meals.png */ = {isa = PBXFileReference; lastKnownFileType = image.png; name = Meals.png; path = ../Meals.png; sourceTree = "<group>"; };
		9AD7F62E1D4767AD0062C6F4 /* GoogleService-Info.plist */ = {isa = PBXFileReference; fileEncoding = 4; lastKnownFileType = text.plist.xml; path = "GoogleService-Info.plist"; sourceTree = "<group>"; };
		A78562A9131ADBB7D15E6513 /* Pods-Hunger Meals.debug.xcconfig */ = {isa = PBXFileReference; includeInIndex = 1; lastKnownFileType = text.xcconfig; name = "Pods-Hunger Meals.debug.xcconfig"; path = "Pods/Target Support Files/Pods-Hunger Meals/Pods-Hunger Meals.debug.xcconfig"; sourceTree = "<group>"; };
		A831CA781D37A9EF00B96F4F /* LandingPageViewController.h */ = {isa = PBXFileReference; fileEncoding = 4; lastKnownFileType = sourcecode.c.h; path = LandingPageViewController.h; sourceTree = "<group>"; };
		A831CA791D37A9EF00B96F4F /* LandingPageViewController.m */ = {isa = PBXFileReference; fileEncoding = 4; lastKnownFileType = sourcecode.c.objc; path = LandingPageViewController.m; sourceTree = "<group>"; };
		A831CA7C1D37ACC200B96F4F /* SlideMenuViewController.h */ = {isa = PBXFileReference; fileEncoding = 4; lastKnownFileType = sourcecode.c.h; path = SlideMenuViewController.h; sourceTree = "<group>"; };
		A831CA7D1D37ACC200B96F4F /* SlideMenuViewController.m */ = {isa = PBXFileReference; fileEncoding = 4; lastKnownFileType = sourcecode.c.objc; path = SlideMenuViewController.m; sourceTree = "<group>"; };
		A831CA821D37CEC100B96F4F /* close.png */ = {isa = PBXFileReference; lastKnownFileType = image.png; path = close.png; sourceTree = "<group>"; };
		A831CA831D37CEC100B96F4F /* close@2x.png */ = {isa = PBXFileReference; lastKnownFileType = image.png; path = "close@2x.png"; sourceTree = "<group>"; };
		A831CA841D37CEC100B96F4F /* MTGenericAlertView.h */ = {isa = PBXFileReference; fileEncoding = 4; lastKnownFileType = sourcecode.c.h; path = MTGenericAlertView.h; sourceTree = "<group>"; };
		A831CA851D37CEC100B96F4F /* MTGenericAlertView.m */ = {isa = PBXFileReference; fileEncoding = 4; lastKnownFileType = sourcecode.c.objc; path = MTGenericAlertView.m; sourceTree = "<group>"; };
		A88444631D38D0B700887098 /* Utility.h */ = {isa = PBXFileReference; fileEncoding = 4; lastKnownFileType = sourcecode.c.h; path = Utility.h; sourceTree = "<group>"; };
		A88444641D38D0B700887098 /* Utility.m */ = {isa = PBXFileReference; fileEncoding = 4; lastKnownFileType = sourcecode.c.objc; path = Utility.m; sourceTree = "<group>"; };
		A88444661D38D17B00887098 /* CheckConnection.h */ = {isa = PBXFileReference; fileEncoding = 4; lastKnownFileType = sourcecode.c.h; path = CheckConnection.h; sourceTree = "<group>"; };
		A88444671D38D17B00887098 /* CheckConnection.m */ = {isa = PBXFileReference; fileEncoding = 4; lastKnownFileType = sourcecode.c.objc; path = CheckConnection.m; sourceTree = "<group>"; };
		A884446A1D38D5D600887098 /* BTAlertController.h */ = {isa = PBXFileReference; fileEncoding = 4; lastKnownFileType = sourcecode.c.h; path = BTAlertController.h; sourceTree = "<group>"; };
		A884446B1D38D5D600887098 /* BTAlertController.m */ = {isa = PBXFileReference; fileEncoding = 4; lastKnownFileType = sourcecode.c.objc; path = BTAlertController.m; sourceTree = "<group>"; };
		A884446D1D38D60500887098 /* Constants.h */ = {isa = PBXFileReference; fileEncoding = 4; lastKnownFileType = sourcecode.c.h; path = Constants.h; sourceTree = "<group>"; };
		A884446E1D38E68500887098 /* UIAlertView+CustomAlertView.h */ = {isa = PBXFileReference; fileEncoding = 4; lastKnownFileType = sourcecode.c.h; path = "UIAlertView+CustomAlertView.h"; sourceTree = "<group>"; };
		A884446F1D38E68500887098 /* UIAlertView+CustomAlertView.m */ = {isa = PBXFileReference; fileEncoding = 4; lastKnownFileType = sourcecode.c.objc; path = "UIAlertView+CustomAlertView.m"; sourceTree = "<group>"; };
		A88444711D38E69900887098 /* UIActionSheet+Blocks.h */ = {isa = PBXFileReference; fileEncoding = 4; lastKnownFileType = sourcecode.c.h; path = "UIActionSheet+Blocks.h"; sourceTree = "<group>"; };
		A88444721D38E69900887098 /* UIActionSheet+Blocks.m */ = {isa = PBXFileReference; fileEncoding = 4; lastKnownFileType = sourcecode.c.objc; path = "UIActionSheet+Blocks.m"; sourceTree = "<group>"; };
		CCE95FC34802E6632ABFB214 /* Pods-Hunger MealsTests.release.xcconfig */ = {isa = PBXFileReference; includeInIndex = 1; lastKnownFileType = text.xcconfig; name = "Pods-Hunger MealsTests.release.xcconfig"; path = "Pods/Target Support Files/Pods-Hunger MealsTests/Pods-Hunger MealsTests.release.xcconfig"; sourceTree = "<group>"; };
		FD080AF85B2BF6D52AF96CEB /* libPods-Hunger Meals.a */ = {isa = PBXFileReference; explicitFileType = archive.ar; includeInIndex = 0; path = "libPods-Hunger Meals.a"; sourceTree = BUILT_PRODUCTS_DIR; };
/* End PBXFileReference section */

/* Begin PBXFrameworksBuildPhase section */
		9A0C43BF1D2F868200A7BF6B /* Frameworks */ = {
			isa = PBXFrameworksBuildPhase;
			buildActionMask = 2147483647;
			files = (
				2B89E5041D5BBF640022EC67 /* CoreLocation.framework in Frameworks */,
				2ECD4BE63075852C928DC6BE /* libPods-Hunger Meals.a in Frameworks */,
			);
			runOnlyForDeploymentPostprocessing = 0;
		};
		9A0C43DB1D2F868500A7BF6B /* Frameworks */ = {
			isa = PBXFrameworksBuildPhase;
			buildActionMask = 2147483647;
			files = (
				9E72DCA193082CFE199E7B1D /* libPods-Hunger MealsTests.a in Frameworks */,
			);
			runOnlyForDeploymentPostprocessing = 0;
		};
		9A0C43E61D2F868500A7BF6B /* Frameworks */ = {
			isa = PBXFrameworksBuildPhase;
			buildActionMask = 2147483647;
			files = (
				E59C0A13D3221362D1E26CF4 /* libPods-Hunger MealsUITests.a in Frameworks */,
			);
			runOnlyForDeploymentPostprocessing = 0;
		};
/* End PBXFrameworksBuildPhase section */

/* Begin PBXGroup section */
		0171980737B572F6B2C8653C /* Frameworks */ = {
			isa = PBXGroup;
			children = (
				2B89E5031D5BBF640022EC67 /* CoreLocation.framework */,
				FD080AF85B2BF6D52AF96CEB /* libPods-Hunger Meals.a */,
				0F05F9F159C8351E75A1ACC2 /* libPods-Hunger MealsTests.a */,
				19EC3CC5C4ABE0020D1E1725 /* libPods-Hunger MealsUITests.a */,
			);
			name = Frameworks;
			sourceTree = "<group>";
		};
		2B45D6931D59122E00C873ED /* Cells */ = {
			isa = PBXGroup;
			children = (
				2B45D6941D59128300C873ED /* LocationsTableViewCell.h */,
				2B45D6951D59128300C873ED /* LocationsTableViewCell.m */,
			);
			name = Cells;
			sourceTree = "<group>";
		};
		2B65CC471D59774A00056649 /* Images */ = {
			isa = PBXGroup;
			children = (
				2B89E5011D5BB2BA0022EC67 /* ProfileImage.jpg */,
				2B45D67A1D58E0DA00C873ED /* Sample.jpg */,
				2B45D6971D5913D300C873ED /* Edit.png */,
				2B45D6841D59019400C873ED /* Location_Icon.png */,
				2B45D6911D59106C00C873ED /* My_Location.png */,
				2B45D6861D59020400C873ED /* Notification.png */,
				2B45D6761D58DE2400C873ED /* Meals_Rice.jpg */,
				9A9BC9231D587B19002E3246 /* Meals.png */,
				2B45D6741D58DDA100C873ED /* BulletPoint.png */,
			);
			name = Images;
			sourceTree = "<group>";
		};
		2B9FECC41D41192000A21666 /* Login */ = {
			isa = PBXGroup;
			children = (
				2B9FECCB1D411C4500A21666 /* HMLoginViewController.h */,
				2B9FECCC1D411C4500A21666 /* HMLoginViewController.m */,
				2B9A43471D471F3A00F87C1B /* HMSignUpViewController.h */,
				2B9A43481D471F3A00F87C1B /* HMSignUpViewController.m */,
				2B7AC6FE1D47C18400D59BB3 /* HMCartItemsViewController.h */,
				2B7AC6FF1D47C18400D59BB3 /* HMCartItemsViewController.m */,
			);
			path = Login;
			sourceTree = "<group>";
		};
		9A0C43B91D2F868200A7BF6B = {
			isa = PBXGroup;
			children = (
				2B7AC6F71D47AC3F00D59BB3 /* Dish_Images */,
				9A0C43C41D2F868300A7BF6B /* Hunger Meals */,
				9A0C43E11D2F868500A7BF6B /* Hunger MealsTests */,
				9A0C43EC1D2F868500A7BF6B /* Hunger MealsUITests */,
				9A0C43C31D2F868200A7BF6B /* Products */,
				C9EA1799E9412322A7160601 /* Pods */,
				0171980737B572F6B2C8653C /* Frameworks */,
			);
			sourceTree = "<group>";
		};
		9A0C43C31D2F868200A7BF6B /* Products */ = {
			isa = PBXGroup;
			children = (
				9A0C43C21D2F868200A7BF6B /* Hunger Meals.app */,
				9A0C43DE1D2F868500A7BF6B /* Hunger MealsTests.xctest */,
				9A0C43E91D2F868500A7BF6B /* Hunger MealsUITests.xctest */,
			);
			name = Products;
			sourceTree = "<group>";
		};
		9A0C43C41D2F868300A7BF6B /* Hunger Meals */ = {
			isa = PBXGroup;
			children = (
				2B65CC471D59774A00056649 /* Images */,
				A88444621D38D0A200887098 /* Basic */,
				A831CA7F1D37CEC100B96F4F /* Third Party Libraries */,
				A831CA731D37A71000B96F4F /* View Controllers */,
				9A0C43C81D2F868300A7BF6B /* AppDelegate.h */,
				9A0C43C91D2F868300A7BF6B /* AppDelegate.m */,
				9A0C43CE1D2F868300A7BF6B /* Main.storyboard */,
				9A0C43D41D2F868400A7BF6B /* Assets.xcassets */,
				9A0C43D61D2F868400A7BF6B /* LaunchScreen.storyboard */,
				9A0C43D91D2F868400A7BF6B /* Info.plist */,
				9AD7F62E1D4767AD0062C6F4 /* GoogleService-Info.plist */,
				9A0C43C51D2F868300A7BF6B /* Supporting Files */,
			);
			path = "Hunger Meals";
			sourceTree = "<group>";
		};
		9A0C43C51D2F868300A7BF6B /* Supporting Files */ = {
			isa = PBXGroup;
			children = (
				9A0C43C61D2F868300A7BF6B /* main.m */,
			);
			name = "Supporting Files";
			sourceTree = "<group>";
		};
		9A0C43E11D2F868500A7BF6B /* Hunger MealsTests */ = {
			isa = PBXGroup;
			children = (
				9A0C43E21D2F868500A7BF6B /* Hunger_MealsTests.m */,
				9A0C43E41D2F868500A7BF6B /* Info.plist */,
			);
			path = "Hunger MealsTests";
			sourceTree = "<group>";
		};
		9A0C43EC1D2F868500A7BF6B /* Hunger MealsUITests */ = {
			isa = PBXGroup;
			children = (
				9A0C43ED1D2F868500A7BF6B /* Hunger_MealsUITests.m */,
				9A0C43EF1D2F868500A7BF6B /* Info.plist */,
			);
			path = "Hunger MealsUITests";
			sourceTree = "<group>";
		};
		9A818F911D49EA4E00FB5565 /* Footer */ = {
			isa = PBXGroup;
			children = (
				9A818F981D49EBCD00FB5565 /* HMCartCollectionReusableView.h */,
				9A818F991D49EBCD00FB5565 /* HMCartCollectionReusableView.m */,
			);
			name = Footer;
			path = Home;
			sourceTree = "<group>";
		};
		9A818F9C1D49F82C00FB5565 /* Payment GateWay */ = {
			isa = PBXGroup;
			children = (
				9A818F9D1D49F8B200FB5565 /* HMPaymentTypeSelectionViewController.h */,
				9A818F9E1D49F8B200FB5565 /* HMPaymentTypeSelectionViewController.m */,
				9A818FA01D4A203200FB5565 /* PaymentPageViewController.h */,
				9A818FA11D4A203200FB5565 /* PaymentPageViewController.m */,
				9A818FA21D4A203200FB5565 /* PaymentStatusViewController.h */,
				9A818FA31D4A203200FB5565 /* PaymentStatusViewController.m */,
			);
			name = "Payment GateWay";
			sourceTree = "<group>";
		};
		A831CA731D37A71000B96F4F /* View Controllers */ = {
			isa = PBXGroup;
			children = (
				2B45D6931D59122E00C873ED /* Cells */,
				9A818F9C1D49F82C00FB5565 /* Payment GateWay */,
				9A818F911D49EA4E00FB5565 /* Footer */,
				2B9FECC41D41192000A21666 /* Login */,
				A831CA7B1D37A9F500B96F4F /* Slide Menu */,
				A831CA771D37A9EF00B96F4F /* Home */,
			);
			path = "View Controllers";
			sourceTree = "<group>";
		};
		A831CA771D37A9EF00B96F4F /* Home */ = {
			isa = PBXGroup;
			children = (
				2BD7B23F1D55CF9800B2FABD /* HMHomePageViewController.h */,
				2BD7B2401D55CF9800B2FABD /* HMHomePageViewController.m */,
				A831CA781D37A9EF00B96F4F /* LandingPageViewController.h */,
				A831CA791D37A9EF00B96F4F /* LandingPageViewController.m */,
				2B7AC6FB1D47BB6F00D59BB3 /* HMDetailPageViewController.h */,
				2B7AC6FC1D47BB6F00D59BB3 /* HMDetailPageViewController.m */,
				2B45D68E1D590E5F00C873ED /* HMLocationViewController.h */,
				2B45D68F1D590E5F00C873ED /* HMLocationViewController.m */,
			);
			path = Home;
			sourceTree = "<group>";
		};
		A831CA7B1D37A9F500B96F4F /* Slide Menu */ = {
			isa = PBXGroup;
			children = (
				A831CA7C1D37ACC200B96F4F /* SlideMenuViewController.h */,
				A831CA7D1D37ACC200B96F4F /* SlideMenuViewController.m */,
			);
			path = "Slide Menu";
			sourceTree = "<group>";
		};
		A831CA7F1D37CEC100B96F4F /* Third Party Libraries */ = {
			isa = PBXGroup;
			children = (
				A88444691D38D5C600887098 /* AlertController */,
				A831CA801D37CEC100B96F4F /* MTGenericAlertView */,
			);
			path = "Third Party Libraries";
			sourceTree = "<group>";
		};
		A831CA801D37CEC100B96F4F /* MTGenericAlertView */ = {
			isa = PBXGroup;
			children = (
				A831CA811D37CEC100B96F4F /* images */,
				A831CA841D37CEC100B96F4F /* MTGenericAlertView.h */,
				A831CA851D37CEC100B96F4F /* MTGenericAlertView.m */,
			);
			path = MTGenericAlertView;
			sourceTree = "<group>";
		};
		A831CA811D37CEC100B96F4F /* images */ = {
			isa = PBXGroup;
			children = (
				A831CA821D37CEC100B96F4F /* close.png */,
				A831CA831D37CEC100B96F4F /* close@2x.png */,
			);
			path = images;
			sourceTree = "<group>";
		};
		A88444621D38D0A200887098 /* Basic */ = {
			isa = PBXGroup;
			children = (
				A88444661D38D17B00887098 /* CheckConnection.h */,
				A88444671D38D17B00887098 /* CheckConnection.m */,
				A88444631D38D0B700887098 /* Utility.h */,
				A88444641D38D0B700887098 /* Utility.m */,
				A884446D1D38D60500887098 /* Constants.h */,
			);
			path = Basic;
			sourceTree = "<group>";
		};
		A88444691D38D5C600887098 /* AlertController */ = {
			isa = PBXGroup;
			children = (
				A884446A1D38D5D600887098 /* BTAlertController.h */,
				A884446B1D38D5D600887098 /* BTAlertController.m */,
				A884446E1D38E68500887098 /* UIAlertView+CustomAlertView.h */,
				A884446F1D38E68500887098 /* UIAlertView+CustomAlertView.m */,
				A88444711D38E69900887098 /* UIActionSheet+Blocks.h */,
				A88444721D38E69900887098 /* UIActionSheet+Blocks.m */,
			);
			path = AlertController;
			sourceTree = "<group>";
		};
		C9EA1799E9412322A7160601 /* Pods */ = {
			isa = PBXGroup;
			children = (
				A78562A9131ADBB7D15E6513 /* Pods-Hunger Meals.debug.xcconfig */,
				6125B3D8C237F187FC01D986 /* Pods-Hunger Meals.release.xcconfig */,
				8C5A0BD3D7E3C64A555DAFB0 /* Pods-Hunger MealsTests.debug.xcconfig */,
				CCE95FC34802E6632ABFB214 /* Pods-Hunger MealsTests.release.xcconfig */,
				037160947699A40F92097D7E /* Pods-Hunger MealsUITests.debug.xcconfig */,
				39CEF7BAC10F1A2807ABF4E5 /* Pods-Hunger MealsUITests.release.xcconfig */,
			);
			name = Pods;
			sourceTree = "<group>";
		};
/* End PBXGroup section */

/* Begin PBXNativeTarget section */
		9A0C43C11D2F868200A7BF6B /* Hunger Meals */ = {
			isa = PBXNativeTarget;
			buildConfigurationList = 9A0C43F21D2F868500A7BF6B /* Build configuration list for PBXNativeTarget "Hunger Meals" */;
			buildPhases = (
				69C79ECAAB2FC0AF6874512A /* [CP] Check Pods Manifest.lock */,
				9A0C43BE1D2F868200A7BF6B /* Sources */,
				9A0C43BF1D2F868200A7BF6B /* Frameworks */,
				9A0C43C01D2F868200A7BF6B /* Resources */,
				736D31F55D19F5D92F307A07 /* [CP] Embed Pods Frameworks */,
				652A2BA57DC4D1D35DF0FA31 /* [CP] Copy Pods Resources */,
			);
			buildRules = (
			);
			dependencies = (
			);
			name = "Hunger Meals";
			productName = "Hunger Meals";
			productReference = 9A0C43C21D2F868200A7BF6B /* Hunger Meals.app */;
			productType = "com.apple.product-type.application";
		};
		9A0C43DD1D2F868500A7BF6B /* Hunger MealsTests */ = {
			isa = PBXNativeTarget;
			buildConfigurationList = 9A0C43F51D2F868500A7BF6B /* Build configuration list for PBXNativeTarget "Hunger MealsTests" */;
			buildPhases = (
				EC39DCC169365D6A427A3353 /* [CP] Check Pods Manifest.lock */,
				9A0C43DA1D2F868500A7BF6B /* Sources */,
				9A0C43DB1D2F868500A7BF6B /* Frameworks */,
				9A0C43DC1D2F868500A7BF6B /* Resources */,
				C80A6A18E4DE8DB287DC2AB6 /* [CP] Embed Pods Frameworks */,
				8C9E1E5E975C862BE4D81131 /* [CP] Copy Pods Resources */,
			);
			buildRules = (
			);
			dependencies = (
				9A0C43E01D2F868500A7BF6B /* PBXTargetDependency */,
			);
			name = "Hunger MealsTests";
			productName = "Hunger MealsTests";
			productReference = 9A0C43DE1D2F868500A7BF6B /* Hunger MealsTests.xctest */;
			productType = "com.apple.product-type.bundle.unit-test";
		};
		9A0C43E81D2F868500A7BF6B /* Hunger MealsUITests */ = {
			isa = PBXNativeTarget;
			buildConfigurationList = 9A0C43F81D2F868500A7BF6B /* Build configuration list for PBXNativeTarget "Hunger MealsUITests" */;
			buildPhases = (
				0FB771C2D720486940472513 /* [CP] Check Pods Manifest.lock */,
				9A0C43E51D2F868500A7BF6B /* Sources */,
				9A0C43E61D2F868500A7BF6B /* Frameworks */,
				9A0C43E71D2F868500A7BF6B /* Resources */,
				F9B4D1D356AD253AAB0025A5 /* [CP] Copy Pods Resources */,
			);
			buildRules = (
			);
			dependencies = (
				9A0C43EB1D2F868500A7BF6B /* PBXTargetDependency */,
			);
			name = "Hunger MealsUITests";
			productName = "Hunger MealsUITests";
			productReference = 9A0C43E91D2F868500A7BF6B /* Hunger MealsUITests.xctest */;
			productType = "com.apple.product-type.bundle.ui-testing";
		};
/* End PBXNativeTarget section */

/* Begin PBXProject section */
		9A0C43BA1D2F868200A7BF6B /* Project object */ = {
			isa = PBXProject;
			attributes = {
				LastUpgradeCheck = 0730;
				ORGANIZATIONNAME = "paradigm-creatives";
				TargetAttributes = {
					9A0C43C11D2F868200A7BF6B = {
						CreatedOnToolsVersion = 7.3;
					};
					9A0C43DD1D2F868500A7BF6B = {
						CreatedOnToolsVersion = 7.3;
						TestTargetID = 9A0C43C11D2F868200A7BF6B;
					};
					9A0C43E81D2F868500A7BF6B = {
						CreatedOnToolsVersion = 7.3;
						TestTargetID = 9A0C43C11D2F868200A7BF6B;
					};
				};
			};
			buildConfigurationList = 9A0C43BD1D2F868200A7BF6B /* Build configuration list for PBXProject "Hunger Meals" */;
			compatibilityVersion = "Xcode 3.2";
			developmentRegion = English;
			hasScannedForEncodings = 0;
			knownRegions = (
				en,
				Base,
			);
			mainGroup = 9A0C43B91D2F868200A7BF6B;
			productRefGroup = 9A0C43C31D2F868200A7BF6B /* Products */;
			projectDirPath = "";
			projectRoot = "";
			targets = (
				9A0C43C11D2F868200A7BF6B /* Hunger Meals */,
				9A0C43DD1D2F868500A7BF6B /* Hunger MealsTests */,
				9A0C43E81D2F868500A7BF6B /* Hunger MealsUITests */,
			);
		};
/* End PBXProject section */

/* Begin PBXResourcesBuildPhase section */
		9A0C43C01D2F868200A7BF6B /* Resources */ = {
			isa = PBXResourcesBuildPhase;
			buildActionMask = 2147483647;
			files = (
				2B45D6921D59106C00C873ED /* My_Location.png in Resources */,
				2B7AC6F81D47AC3F00D59BB3 /* Dish_Images in Resources */,
				A831CA871D37CEC100B96F4F /* close@2x.png in Resources */,
				2B89E5021D5BB2BA0022EC67 /* ProfileImage.jpg in Resources */,
				9A9BC9241D587B19002E3246 /* Meals.png in Resources */,
				9AD7F62F1D4767AD0062C6F4 /* GoogleService-Info.plist in Resources */,
				2B45D6751D58DDA100C873ED /* BulletPoint.png in Resources */,
				9A0C43D81D2F868400A7BF6B /* LaunchScreen.storyboard in Resources */,
				9A0C43D51D2F868400A7BF6B /* Assets.xcassets in Resources */,
				2B45D6851D59019400C873ED /* Location_Icon.png in Resources */,
				2B45D6771D58DE2400C873ED /* Meals_Rice.jpg in Resources */,
				A831CA861D37CEC100B96F4F /* close.png in Resources */,
				2B45D6871D59020400C873ED /* Notification.png in Resources */,
				2B45D6981D5913D300C873ED /* Edit.png in Resources */,
				2B45D67B1D58E0DA00C873ED /* Sample.jpg in Resources */,
				9A0C43D01D2F868300A7BF6B /* Main.storyboard in Resources */,
			);
			runOnlyForDeploymentPostprocessing = 0;
		};
		9A0C43DC1D2F868500A7BF6B /* Resources */ = {
			isa = PBXResourcesBuildPhase;
			buildActionMask = 2147483647;
			files = (
			);
			runOnlyForDeploymentPostprocessing = 0;
		};
		9A0C43E71D2F868500A7BF6B /* Resources */ = {
			isa = PBXResourcesBuildPhase;
			buildActionMask = 2147483647;
			files = (
			);
			runOnlyForDeploymentPostprocessing = 0;
		};
/* End PBXResourcesBuildPhase section */

/* Begin PBXShellScriptBuildPhase section */
		0FB771C2D720486940472513 /* [CP] Check Pods Manifest.lock */ = {
			isa = PBXShellScriptBuildPhase;
			buildActionMask = 2147483647;
			files = (
			);
			inputPaths = (
			);
			name = "[CP] Check Pods Manifest.lock";
			outputPaths = (
			);
			runOnlyForDeploymentPostprocessing = 0;
			shellPath = /bin/sh;
			shellScript = "diff \"${PODS_ROOT}/../Podfile.lock\" \"${PODS_ROOT}/Manifest.lock\" > /dev/null\nif [[ $? != 0 ]] ; then\n    cat << EOM\nerror: The sandbox is not in sync with the Podfile.lock. Run 'pod install' or update your CocoaPods installation.\nEOM\n    exit 1\nfi\n";
			showEnvVarsInLog = 0;
		};
		652A2BA57DC4D1D35DF0FA31 /* [CP] Copy Pods Resources */ = {
			isa = PBXShellScriptBuildPhase;
			buildActionMask = 2147483647;
			files = (
			);
			inputPaths = (
			);
			name = "[CP] Copy Pods Resources";
			outputPaths = (
			);
			runOnlyForDeploymentPostprocessing = 0;
			shellPath = /bin/sh;
			shellScript = "\"${SRCROOT}/Pods/Target Support Files/Pods-Hunger Meals/Pods-Hunger Meals-resources.sh\"\n";
			showEnvVarsInLog = 0;
		};
		69C79ECAAB2FC0AF6874512A /* [CP] Check Pods Manifest.lock */ = {
			isa = PBXShellScriptBuildPhase;
			buildActionMask = 2147483647;
			files = (
			);
			inputPaths = (
			);
			name = "[CP] Check Pods Manifest.lock";
			outputPaths = (
			);
			runOnlyForDeploymentPostprocessing = 0;
			shellPath = /bin/sh;
			shellScript = "diff \"${PODS_ROOT}/../Podfile.lock\" \"${PODS_ROOT}/Manifest.lock\" > /dev/null\nif [[ $? != 0 ]] ; then\n    cat << EOM\nerror: The sandbox is not in sync with the Podfile.lock. Run 'pod install' or update your CocoaPods installation.\nEOM\n    exit 1\nfi\n";
			showEnvVarsInLog = 0;
		};
		736D31F55D19F5D92F307A07 /* [CP] Embed Pods Frameworks */ = {
			isa = PBXShellScriptBuildPhase;
			buildActionMask = 2147483647;
			files = (
			);
			inputPaths = (
			);
			name = "[CP] Embed Pods Frameworks";
			outputPaths = (
			);
			runOnlyForDeploymentPostprocessing = 0;
			shellPath = /bin/sh;
			shellScript = "\"${SRCROOT}/Pods/Target Support Files/Pods-Hunger Meals/Pods-Hunger Meals-frameworks.sh\"\n";
			showEnvVarsInLog = 0;
		};
		8C9E1E5E975C862BE4D81131 /* [CP] Copy Pods Resources */ = {
			isa = PBXShellScriptBuildPhase;
			buildActionMask = 2147483647;
			files = (
			);
			inputPaths = (
			);
			name = "[CP] Copy Pods Resources";
			outputPaths = (
			);
			runOnlyForDeploymentPostprocessing = 0;
			shellPath = /bin/sh;
			shellScript = "\"${SRCROOT}/Pods/Target Support Files/Pods-Hunger MealsTests/Pods-Hunger MealsTests-resources.sh\"\n";
			showEnvVarsInLog = 0;
		};
		C80A6A18E4DE8DB287DC2AB6 /* [CP] Embed Pods Frameworks */ = {
			isa = PBXShellScriptBuildPhase;
			buildActionMask = 2147483647;
			files = (
			);
			inputPaths = (
			);
			name = "[CP] Embed Pods Frameworks";
			outputPaths = (
			);
			runOnlyForDeploymentPostprocessing = 0;
			shellPath = /bin/sh;
			shellScript = "\"${SRCROOT}/Pods/Target Support Files/Pods-Hunger MealsTests/Pods-Hunger MealsTests-frameworks.sh\"\n";
			showEnvVarsInLog = 0;
		};
		EC39DCC169365D6A427A3353 /* [CP] Check Pods Manifest.lock */ = {
			isa = PBXShellScriptBuildPhase;
			buildActionMask = 2147483647;
			files = (
			);
			inputPaths = (
			);
			name = "[CP] Check Pods Manifest.lock";
			outputPaths = (
			);
			runOnlyForDeploymentPostprocessing = 0;
			shellPath = /bin/sh;
			shellScript = "diff \"${PODS_ROOT}/../Podfile.lock\" \"${PODS_ROOT}/Manifest.lock\" > /dev/null\nif [[ $? != 0 ]] ; then\n    cat << EOM\nerror: The sandbox is not in sync with the Podfile.lock. Run 'pod install' or update your CocoaPods installation.\nEOM\n    exit 1\nfi\n";
			showEnvVarsInLog = 0;
		};
		F9B4D1D356AD253AAB0025A5 /* [CP] Copy Pods Resources */ = {
			isa = PBXShellScriptBuildPhase;
			buildActionMask = 2147483647;
			files = (
			);
			inputPaths = (
			);
			name = "[CP] Copy Pods Resources";
			outputPaths = (
			);
			runOnlyForDeploymentPostprocessing = 0;
			shellPath = /bin/sh;
			shellScript = "\"${SRCROOT}/Pods/Target Support Files/Pods-Hunger MealsUITests/Pods-Hunger MealsUITests-resources.sh\"\n";
			showEnvVarsInLog = 0;
		};
/* End PBXShellScriptBuildPhase section */

/* Begin PBXSourcesBuildPhase section */
		9A0C43BE1D2F868200A7BF6B /* Sources */ = {
			isa = PBXSourcesBuildPhase;
			buildActionMask = 2147483647;
			files = (
				A88FB7431D5C5072005E8667 /* SlideMenuViewController.m in Sources */,
				A884446C1D38D5D600887098 /* BTAlertController.m in Sources */,
				A831CA7A1D37A9EF00B96F4F /* LandingPageViewController.m in Sources */,
				A88444731D38E69900887098 /* UIActionSheet+Blocks.m in Sources */,
				2B7AC6FD1D47BB6F00D59BB3 /* HMDetailPageViewController.m in Sources */,
				9A0C43CA1D2F868300A7BF6B /* AppDelegate.m in Sources */,
				2B9A43491D471F3A00F87C1B /* HMSignUpViewController.m in Sources */,
				2B45D6961D59128300C873ED /* LocationsTableViewCell.m in Sources */,
				2B9FECCD1D411C4500A21666 /* HMLoginViewController.m in Sources */,
				9A818F9A1D49EBCD00FB5565 /* HMCartCollectionReusableView.m in Sources */,
				2B7AC7001D47C18400D59BB3 /* HMCartItemsViewController.m in Sources */,
				9A0C43C71D2F868300A7BF6B /* main.m in Sources */,
				9A818FA51D4A203200FB5565 /* PaymentStatusViewController.m in Sources */,
				9A818F9F1D49F8B200FB5565 /* HMPaymentTypeSelectionViewController.m in Sources */,
				9A818FA41D4A203200FB5565 /* PaymentPageViewController.m in Sources */,
				A88444701D38E68500887098 /* UIAlertView+CustomAlertView.m in Sources */,
				A88444651D38D0B700887098 /* Utility.m in Sources */,
				A831CA881D37CEC100B96F4F /* MTGenericAlertView.m in Sources */,
				A88444681D38D17B00887098 /* CheckConnection.m in Sources */,
				2B45D6901D590E5F00C873ED /* HMLocationViewController.m in Sources */,
				2BD7B2411D55CF9800B2FABD /* HMHomePageViewController.m in Sources */,
			);
			runOnlyForDeploymentPostprocessing = 0;
		};
		9A0C43DA1D2F868500A7BF6B /* Sources */ = {
			isa = PBXSourcesBuildPhase;
			buildActionMask = 2147483647;
			files = (
				9A0C43E31D2F868500A7BF6B /* Hunger_MealsTests.m in Sources */,
			);
			runOnlyForDeploymentPostprocessing = 0;
		};
		9A0C43E51D2F868500A7BF6B /* Sources */ = {
			isa = PBXSourcesBuildPhase;
			buildActionMask = 2147483647;
			files = (
				9A0C43EE1D2F868500A7BF6B /* Hunger_MealsUITests.m in Sources */,
			);
			runOnlyForDeploymentPostprocessing = 0;
		};
/* End PBXSourcesBuildPhase section */

/* Begin PBXTargetDependency section */
		9A0C43E01D2F868500A7BF6B /* PBXTargetDependency */ = {
			isa = PBXTargetDependency;
			target = 9A0C43C11D2F868200A7BF6B /* Hunger Meals */;
			targetProxy = 9A0C43DF1D2F868500A7BF6B /* PBXContainerItemProxy */;
		};
		9A0C43EB1D2F868500A7BF6B /* PBXTargetDependency */ = {
			isa = PBXTargetDependency;
			target = 9A0C43C11D2F868200A7BF6B /* Hunger Meals */;
			targetProxy = 9A0C43EA1D2F868500A7BF6B /* PBXContainerItemProxy */;
		};
/* End PBXTargetDependency section */

/* Begin PBXVariantGroup section */
		9A0C43CE1D2F868300A7BF6B /* Main.storyboard */ = {
			isa = PBXVariantGroup;
			children = (
				9A0C43CF1D2F868300A7BF6B /* Base */,
			);
			name = Main.storyboard;
			sourceTree = "<group>";
		};
		9A0C43D61D2F868400A7BF6B /* LaunchScreen.storyboard */ = {
			isa = PBXVariantGroup;
			children = (
				9A0C43D71D2F868400A7BF6B /* Base */,
			);
			name = LaunchScreen.storyboard;
			sourceTree = "<group>";
		};
/* End PBXVariantGroup section */

/* Begin XCBuildConfiguration section */
		9A0C43F01D2F868500A7BF6B /* Debug */ = {
			isa = XCBuildConfiguration;
			buildSettings = {
				ALWAYS_SEARCH_USER_PATHS = NO;
				CLANG_ANALYZER_NONNULL = YES;
				CLANG_CXX_LANGUAGE_STANDARD = "gnu++0x";
				CLANG_CXX_LIBRARY = "libc++";
				CLANG_ENABLE_MODULES = YES;
				CLANG_ENABLE_OBJC_ARC = YES;
				CLANG_WARN_BOOL_CONVERSION = YES;
				CLANG_WARN_CONSTANT_CONVERSION = YES;
				CLANG_WARN_DIRECT_OBJC_ISA_USAGE = YES_ERROR;
				CLANG_WARN_EMPTY_BODY = YES;
				CLANG_WARN_ENUM_CONVERSION = YES;
				CLANG_WARN_INT_CONVERSION = YES;
				CLANG_WARN_OBJC_ROOT_CLASS = YES_ERROR;
				CLANG_WARN_UNREACHABLE_CODE = YES;
				CLANG_WARN__DUPLICATE_METHOD_MATCH = YES;
				"CODE_SIGN_IDENTITY[sdk=iphoneos*]" = "iPhone Developer";
				COPY_PHASE_STRIP = NO;
				DEBUG_INFORMATION_FORMAT = dwarf;
				ENABLE_STRICT_OBJC_MSGSEND = YES;
				ENABLE_TESTABILITY = YES;
				GCC_C_LANGUAGE_STANDARD = gnu99;
				GCC_DYNAMIC_NO_PIC = NO;
				GCC_NO_COMMON_BLOCKS = YES;
				GCC_OPTIMIZATION_LEVEL = 0;
				GCC_PREPROCESSOR_DEFINITIONS = (
					"DEBUG=1",
					"$(inherited)",
				);
				GCC_WARN_64_TO_32_BIT_CONVERSION = YES;
				GCC_WARN_ABOUT_RETURN_TYPE = YES_ERROR;
				GCC_WARN_UNDECLARED_SELECTOR = YES;
				GCC_WARN_UNINITIALIZED_AUTOS = YES_AGGRESSIVE;
				GCC_WARN_UNUSED_FUNCTION = YES;
				GCC_WARN_UNUSED_VARIABLE = YES;
				IPHONEOS_DEPLOYMENT_TARGET = 8.0;
				MTL_ENABLE_DEBUG_INFO = YES;
				ONLY_ACTIVE_ARCH = YES;
				SDKROOT = iphoneos;
				TARGETED_DEVICE_FAMILY = "1,2";
			};
			name = Debug;
		};
		9A0C43F11D2F868500A7BF6B /* Release */ = {
			isa = XCBuildConfiguration;
			buildSettings = {
				ALWAYS_SEARCH_USER_PATHS = NO;
				CLANG_ANALYZER_NONNULL = YES;
				CLANG_CXX_LANGUAGE_STANDARD = "gnu++0x";
				CLANG_CXX_LIBRARY = "libc++";
				CLANG_ENABLE_MODULES = YES;
				CLANG_ENABLE_OBJC_ARC = YES;
				CLANG_WARN_BOOL_CONVERSION = YES;
				CLANG_WARN_CONSTANT_CONVERSION = YES;
				CLANG_WARN_DIRECT_OBJC_ISA_USAGE = YES_ERROR;
				CLANG_WARN_EMPTY_BODY = YES;
				CLANG_WARN_ENUM_CONVERSION = YES;
				CLANG_WARN_INT_CONVERSION = YES;
				CLANG_WARN_OBJC_ROOT_CLASS = YES_ERROR;
				CLANG_WARN_UNREACHABLE_CODE = YES;
				CLANG_WARN__DUPLICATE_METHOD_MATCH = YES;
				"CODE_SIGN_IDENTITY[sdk=iphoneos*]" = "iPhone Developer";
				COPY_PHASE_STRIP = NO;
				DEBUG_INFORMATION_FORMAT = "dwarf-with-dsym";
				ENABLE_NS_ASSERTIONS = NO;
				ENABLE_STRICT_OBJC_MSGSEND = YES;
				GCC_C_LANGUAGE_STANDARD = gnu99;
				GCC_NO_COMMON_BLOCKS = YES;
				GCC_WARN_64_TO_32_BIT_CONVERSION = YES;
				GCC_WARN_ABOUT_RETURN_TYPE = YES_ERROR;
				GCC_WARN_UNDECLARED_SELECTOR = YES;
				GCC_WARN_UNINITIALIZED_AUTOS = YES_AGGRESSIVE;
				GCC_WARN_UNUSED_FUNCTION = YES;
				GCC_WARN_UNUSED_VARIABLE = YES;
				IPHONEOS_DEPLOYMENT_TARGET = 8.0;
				MTL_ENABLE_DEBUG_INFO = NO;
				SDKROOT = iphoneos;
				TARGETED_DEVICE_FAMILY = "1,2";
				VALIDATE_PRODUCT = YES;
			};
			name = Release;
		};
		9A0C43F31D2F868500A7BF6B /* Debug */ = {
			isa = XCBuildConfiguration;
			baseConfigurationReference = A78562A9131ADBB7D15E6513 /* Pods-Hunger Meals.debug.xcconfig */;
			buildSettings = {
				ASSETCATALOG_COMPILER_APPICON_NAME = AppIcon;
				INFOPLIST_FILE = "Hunger Meals/Info.plist";
				IPHONEOS_DEPLOYMENT_TARGET = 8.0;
				LD_RUNPATH_SEARCH_PATHS = "$(inherited) @executable_path/Frameworks";
				LIBRARY_SEARCH_PATHS = (
					"$(inherited)",
					"$(PROJECT_DIR)/sdk/2_1",
				);
				PRODUCT_BUNDLE_IDENTIFIER = com.basicapps.hungermeals;
				PRODUCT_NAME = "$(TARGET_NAME)";
			};
			name = Debug;
		};
		9A0C43F41D2F868500A7BF6B /* Release */ = {
			isa = XCBuildConfiguration;
			baseConfigurationReference = 6125B3D8C237F187FC01D986 /* Pods-Hunger Meals.release.xcconfig */;
			buildSettings = {
				ASSETCATALOG_COMPILER_APPICON_NAME = AppIcon;
				INFOPLIST_FILE = "Hunger Meals/Info.plist";
				IPHONEOS_DEPLOYMENT_TARGET = 8.0;
				LD_RUNPATH_SEARCH_PATHS = "$(inherited) @executable_path/Frameworks";
				LIBRARY_SEARCH_PATHS = (
					"$(inherited)",
					"$(PROJECT_DIR)/sdk/2_1",
				);
				PRODUCT_BUNDLE_IDENTIFIER = com.basicapps.hungermeals;
				PRODUCT_NAME = "$(TARGET_NAME)";
			};
			name = Release;
		};
		9A0C43F61D2F868500A7BF6B /* Debug */ = {
			isa = XCBuildConfiguration;
			baseConfigurationReference = 8C5A0BD3D7E3C64A555DAFB0 /* Pods-Hunger MealsTests.debug.xcconfig */;
			buildSettings = {
				BUNDLE_LOADER = "$(TEST_HOST)";
				INFOPLIST_FILE = "Hunger MealsTests/Info.plist";
				LD_RUNPATH_SEARCH_PATHS = "$(inherited) @executable_path/Frameworks @loader_path/Frameworks";
				PRODUCT_BUNDLE_IDENTIFIER = "paradigmcreatives.Hunger-MealsTests";
				PRODUCT_NAME = "$(TARGET_NAME)";
				TEST_HOST = "$(BUILT_PRODUCTS_DIR)/Hunger Meals.app/Hunger Meals";
			};
			name = Debug;
		};
		9A0C43F71D2F868500A7BF6B /* Release */ = {
			isa = XCBuildConfiguration;
			baseConfigurationReference = CCE95FC34802E6632ABFB214 /* Pods-Hunger MealsTests.release.xcconfig */;
			buildSettings = {
				BUNDLE_LOADER = "$(TEST_HOST)";
				INFOPLIST_FILE = "Hunger MealsTests/Info.plist";
				LD_RUNPATH_SEARCH_PATHS = "$(inherited) @executable_path/Frameworks @loader_path/Frameworks";
				PRODUCT_BUNDLE_IDENTIFIER = "paradigmcreatives.Hunger-MealsTests";
				PRODUCT_NAME = "$(TARGET_NAME)";
				TEST_HOST = "$(BUILT_PRODUCTS_DIR)/Hunger Meals.app/Hunger Meals";
			};
			name = Release;
		};
		9A0C43F91D2F868500A7BF6B /* Debug */ = {
			isa = XCBuildConfiguration;
			baseConfigurationReference = 037160947699A40F92097D7E /* Pods-Hunger MealsUITests.debug.xcconfig */;
			buildSettings = {
				INFOPLIST_FILE = "Hunger MealsUITests/Info.plist";
				LD_RUNPATH_SEARCH_PATHS = "$(inherited) @executable_path/Frameworks @loader_path/Frameworks";
				PRODUCT_BUNDLE_IDENTIFIER = "paradigmcreatives.Hunger-MealsUITests";
				PRODUCT_NAME = "$(TARGET_NAME)";
				TEST_TARGET_NAME = "Hunger Meals";
			};
			name = Debug;
		};
		9A0C43FA1D2F868500A7BF6B /* Release */ = {
			isa = XCBuildConfiguration;
			baseConfigurationReference = 39CEF7BAC10F1A2807ABF4E5 /* Pods-Hunger MealsUITests.release.xcconfig */;
			buildSettings = {
				INFOPLIST_FILE = "Hunger MealsUITests/Info.plist";
				LD_RUNPATH_SEARCH_PATHS = "$(inherited) @executable_path/Frameworks @loader_path/Frameworks";
				PRODUCT_BUNDLE_IDENTIFIER = "paradigmcreatives.Hunger-MealsUITests";
				PRODUCT_NAME = "$(TARGET_NAME)";
				TEST_TARGET_NAME = "Hunger Meals";
			};
			name = Release;
		};
/* End XCBuildConfiguration section */

/* Begin XCConfigurationList section */
		9A0C43BD1D2F868200A7BF6B /* Build configuration list for PBXProject "Hunger Meals" */ = {
			isa = XCConfigurationList;
			buildConfigurations = (
				9A0C43F01D2F868500A7BF6B /* Debug */,
				9A0C43F11D2F868500A7BF6B /* Release */,
			);
			defaultConfigurationIsVisible = 0;
			defaultConfigurationName = Release;
		};
		9A0C43F21D2F868500A7BF6B /* Build configuration list for PBXNativeTarget "Hunger Meals" */ = {
			isa = XCConfigurationList;
			buildConfigurations = (
				9A0C43F31D2F868500A7BF6B /* Debug */,
				9A0C43F41D2F868500A7BF6B /* Release */,
			);
			defaultConfigurationIsVisible = 0;
			defaultConfigurationName = Release;
		};
		9A0C43F51D2F868500A7BF6B /* Build configuration list for PBXNativeTarget "Hunger MealsTests" */ = {
			isa = XCConfigurationList;
			buildConfigurations = (
				9A0C43F61D2F868500A7BF6B /* Debug */,
				9A0C43F71D2F868500A7BF6B /* Release */,
			);
			defaultConfigurationIsVisible = 0;
			defaultConfigurationName = Release;
		};
		9A0C43F81D2F868500A7BF6B /* Build configuration list for PBXNativeTarget "Hunger MealsUITests" */ = {
			isa = XCConfigurationList;
			buildConfigurations = (
				9A0C43F91D2F868500A7BF6B /* Debug */,
				9A0C43FA1D2F868500A7BF6B /* Release */,
			);
			defaultConfigurationIsVisible = 0;
			defaultConfigurationName = Release;
		};
/* End XCConfigurationList section */
	};
	rootObject = 9A0C43BA1D2F868200A7BF6B /* Project object */;
}
